
Microsoft Visual Studio Solution File, Format Version 12.00
# Visual Studio 15
VisualStudioVersion = 15.0.27703.2026
MinimumVisualStudioVersion = 10.0.40219.1
Project("{9A19103F-16F7-4668-BE54-9A1E7A4F7556}") = "Api", "Api.csproj", "{3A06582F-0B15-4FE4-B5F6-2CB424EA791D}"
EndProject
Global
	GlobalSection(SolutionConfigurationPlatforms) = preSolution
		Debug|Any CPU = Debug|Any CPU
		Release|Any CPU = Release|Any CPU
	EndGlobalSection
	GlobalSection(ProjectConfigurationPlatforms) = postSolution
		{3A06582F-0B15-4FE4-B5F6-2CB424EA791D}.Debug|Any CPU.ActiveCfg = Debug|Any CPU
		{3A06582F-0B15-4FE4-B5F6-2CB424EA791D}.Debug|Any CPU.Build.0 = Debug|Any CPU
		{3A06582F-0B15-4FE4-B5F6-2CB424EA791D}.Release|Any CPU.ActiveCfg = Release|Any CPU
		{3A06582F-0B15-4FE4-B5F6-2CB424EA791D}.Release|Any CPU.Build.0 = Release|Any CPU
	EndGlobalSection
	GlobalSection(SolutionProperties) = preSolution
		HideSolutionNode = FALSE
	EndGlobalSection
	GlobalSection(ExtensibilityGlobals) = postSolution
		SolutionGuid = {F7CF6971-9B36-49A2-A8D3-6CCAD7FE34BC}
	EndGlobalSection
EndGlobal
